// !$*UTF8*$!
{
	archiveVersion = 1;
	classes = {
	};
	objectVersion = 48;
	objects = {

/* Begin PBXBuildFile section */
		4060FD0B21174E4100C2A89B /* AppDelegate.swift in Sources */ = {isa = PBXBuildFile; fileRef = 4060FD0A21174E4100C2A89B /* AppDelegate.swift */; };
		4060FD0D21174E4100C2A89B /* ViewController.swift in Sources */ = {isa = PBXBuildFile; fileRef = 4060FD0C21174E4100C2A89B /* ViewController.swift */; };
		4060FD1021174E4100C2A89B /* Main.storyboard in Resources */ = {isa = PBXBuildFile; fileRef = 4060FD0E21174E4100C2A89B /* Main.storyboard */; };
		4060FD1221174E4100C2A89B /* Assets.xcassets in Resources */ = {isa = PBXBuildFile; fileRef = 4060FD1121174E4100C2A89B /* Assets.xcassets */; };
		4060FD1521174E4100C2A89B /* LaunchScreen.storyboard in Resources */ = {isa = PBXBuildFile; fileRef = 4060FD1321174E4100C2A89B /* LaunchScreen.storyboard */; };
/* End PBXBuildFile section */

/* Begin PBXFileReference section */
		4060FD0721174E4100C2A89B /* AlertIos.app */ = {isa = PBXFileReference; explicitFileType = wrapper.application; includeInIndex = 0; path = AlertIos.app; sourceTree = BUILT_PRODUCTS_DIR; };
		4060FD0A21174E4100C2A89B /* AppDelegate.swift */ = {isa = PBXFileReference; lastKnownFileType = sourcecode.swift; path = AppDelegate.swift; sourceTree = "<group>"; };
		4060FD0C21174E4100C2A89B /* ViewController.swift */ = {isa = PBXFileReference; lastKnownFileType = sourcecode.swift; path = ViewController.swift; sourceTree = "<group>"; };
		4060FD0F21174E4100C2A89B /* Base */ = {isa = PBXFileReference; lastKnownFileType = file.storyboard; name = Base; path = Base.lproj/Main.storyboard; sourceTree = "<group>"; };
		4060FD1121174E4100C2A89B /* Assets.xcassets */ = {isa = PBXFileReference; lastKnownFileType = folder.assetcatalog; path = Assets.xcassets; sourceTree = "<group>"; };
		4060FD1421174E4100C2A89B /* Base */ = {isa = PBXFileReference; lastKnownFileType = file.storyboard; name = Base; path = Base.lproj/LaunchScreen.storyboard; sourceTree = "<group>"; };
		4060FD1621174E4100C2A89B /* Info.plist */ = {isa = PBXFileReference; lastKnownFileType = text.plist.xml; path = Info.plist; sourceTree = "<group>"; };
/* End PBXFileReference section */

/* Begin PBXFrameworksBuildPhase section */
		4060FD0421174E4100C2A89B /* Frameworks */ = {
			isa = PBXFrameworksBuildPhase;
			buildActionMask = 2147483647;
			files = (
			);
			runOnlyForDeploymentPostprocessing = 0;
		};
/* End PBXFrameworksBuildPhase section */

/* Begin PBXGroup section */
		4060FCFE21174E4100C2A89B = {
			isa = PBXGroup;
			children = (
				4060FD0921174E4100C2A89B /* AlertIos */,
				4060FD0821174E4100C2A89B /* Products */,
			);
			sourceTree = "<group>";
		};
		4060FD0821174E4100C2A89B /* Products */ = {
			isa = PBXGroup;
			children = (
				4060FD0721174E4100C2A89B /* AlertIos.app */,
			);
			name = Products;
			sourceTree = "<group>";
		};
		4060FD0921174E4100C2A89B /* AlertIos */ = {
			isa = PBXGroup;
			children = (
				4060FD0A21174E4100C2A89B /* AppDelegate.swift */,
				4060FD0C21174E4100C2A89B /* ViewController.swift */,
				4060FD0E21174E4100C2A89B /* Main.storyboard */,
				4060FD1121174E4100C2A89B /* Assets.xcassets */,
				4060FD1321174E4100C2A89B /* LaunchScreen.storyboard */,
				4060FD1621174E4100C2A89B /* Info.plist */,
			);
			path = AlertIos;
			sourceTree = "<group>";
		};
/* End PBXGroup section */

/* Begin PBXNativeTarget section */
		4060FD0621174E4100C2A89B /* AlertIos */ = {
			isa = PBXNativeTarget;
			buildConfigurationList = 4060FD1921174E4100C2A89B /* Build configuration list for PBXNativeTarget "AlertIos" */;
			buildPhases = (
				4060FD0321174E4100C2A89B /* Sources */,
				4060FD0421174E4100C2A89B /* Frameworks */,
				4060FD0521174E4100C2A89B /* Resources */,
			);
			buildRules = (
			);
			dependencies = (
			);
			name = AlertIos;
			productName = AlertIos;
			productReference = 4060FD0721174E4100C2A89B /* AlertIos.app */;
			productType = "com.apple.product-type.application";
		};
/* End PBXNativeTarget section */

/* Begin PBXProject section */
		4060FCFF21174E4100C2A89B /* Project object */ = {
			isa = PBXProject;
			attributes = {
				LastSwiftUpdateCheck = 0920;
				LastUpgradeCheck = 0920;
				ORGANIZATIONNAME = Kingpes;
				TargetAttributes = {
					4060FD0621174E4100C2A89B = {
						CreatedOnToolsVersion = 9.2;
						ProvisioningStyle = Automatic;
					};
				};
			};
			buildConfigurationList = 4060FD0221174E4100C2A89B /* Build configuration list for PBXProject "AlertIos" */;
			compatibilityVersion = "Xcode 8.0";
			developmentRegion = en;
			hasScannedForEncodings = 0;
			knownRegions = (
				en,
				Base,
			);
			mainGroup = 4060FCFE21174E4100C2A89B;
			productRefGroup = 4060FD0821174E4100C2A89B /* Products */;
			projectDirPath = "";
			projectRoot = "";
			targets = (
				4060FD0621174E4100C2A89B /* AlertIos */,
			);
		};
/* End PBXProject section */

/* Begin PBXResourcesBuildPhase section */
		4060FD0521174E4100C2A89B /* Resources */ = {
			isa = PBXResourcesBuildPhase;
			buildActionMask = 2147483647;
			files = (
				4060FD1521174E4100C2A89B /* LaunchScreen.storyboard in Resources */,
				4060FD1221174E4100C2A89B /* Assets.xcassets in Resources */,
				4060FD1021174E4100C2A89B /* Main.storyboard in Resources */,
			);
			runOnlyForDeploymentPostprocessing = 0;
		};
/* End PBXResourcesBuildPhase section */

/* Begin PBXSourcesBuildPhase section */
		4060FD0321174E4100C2A89B /* Sources */ = {
			isa = PBXSourcesBuildPhase;
			buildActionMask = 2147483647;
			files = (
				4060FD0D21174E4100C2A89B /* ViewController.swift in Sources */,
				4060FD0B21174E4100C2A89B /* AppDelegate.swift in Sources */,
			);
			runOnlyForDeploymentPostprocessing = 0;
		};
/* End PBXSourcesBuildPhase section */

/* Begin PBXVariantGroup section */
		4060FD0E21174E4100C2A89B /* Main.storyboard */ = {
			isa = PBXVariantGroup;
			children = (
				4060FD0F21174E4100C2A89B /* Base */,
			);
			name = Main.storyboard;
			sourceTree = "<group>";
		};
		4060FD1321174E4100C2A89B /* LaunchScreen.storyboard */ = {
			isa = PBXVariantGroup;
			children = (
				4060FD1421174E4100C2A89B /* Base */,
			);
			name = LaunchScreen.storyboard;
			sourceTree = "<group>";
		};
/* End PBXVariantGroup section */

/* Begin XCBuildConfiguration section */
		4060FD1721174E4100C2A89B /* Debug */ = {
			isa = XCBuildConfiguration;
			buildSettings = {
				ALWAYS_SEARCH_USER_PATHS = NO;
				CLANG_ANALYZER_NONNULL = YES;
				CLANG_ANALYZER_NUMBER_OBJECT_CONVERSION = YES_AGGRESSIVE;
				CLANG_CXX_LANGUAGE_STANDARD = "gnu++14";
				CLANG_CXX_LIBRARY = "libc++";
				CLANG_ENABLE_MODULES = YES;
				CLANG_ENABLE_OBJC_ARC = YES;
				CLANG_WARN_BLOCK_CAPTURE_AUTORELEASING = YES;
				CLANG_WARN_BOOL_CONVERSION = YES;
				CLANG_WARN_COMMA = YES;
				CLANG_WARN_CONSTANT_CONVERSION = YES;
				CLANG_WARN_DIRECT_OBJC_ISA_USAGE = YES_ERROR;
				CLANG_WARN_DOCUMENTATION_COMMENTS = YES;
				CLANG_WARN_EMPTY_BODY = YES;
				CLANG_WARN_ENUM_CONVERSION = YES;
				CLANG_WARN_INFINITE_RECURSION = YES;
				CLANG_WARN_INT_CONVERSION = YES;
				CLANG_WARN_NON_LITERAL_NULL_CONVERSION = YES;
				CLANG_WARN_OBJC_LITERAL_CONVERSION = YES;
				CLANG_WARN_OBJC_ROOT_CLASS = YES_ERROR;
				CLANG_WARN_RANGE_LOOP_ANALYSIS = YES;
				CLANG_WARN_STRICT_PROTOTYPES = YES;
				CLANG_WARN_SUSPICIOUS_MOVE = YES;
				CLANG_WARN_UNGUARDED_AVAILABILITY = YES_AGGRESSIVE;
				CLANG_WARN_UNREACHABLE_CODE = YES;
				CLANG_WARN__DUPLICATE_METHOD_MATCH = YES;
				CODE_SIGN_IDENTITY = "iPhone Developer";
				COPY_PHASE_STRIP = NO;
				DEBUG_INFORMATION_FORMAT = dwarf;
				ENABLE_STRICT_OBJC_MSGSEND = YES;
				ENABLE_TESTABILITY = YES;
				GCC_C_LANGUAGE_STANDARD = gnu11;
				GCC_DYNAMIC_NO_PIC = NO;
				GCC_NO_COMMON_BLOCKS = YES;
				GCC_OPTIMIZATION_LEVEL = 0;
				GCC_PREPROCESSOR_DEFINITIONS = (
					"DEBUG=1",
					"$(inherited)",
				);
				GCC_WARN_64_TO_32_BIT_CONVERSION = YES;
				GCC_WARN_ABOUT_RETURN_TYPE = YES_ERROR;
				GCC_WARN_UNDECLARED_SELECTOR = YES;
				GCC_WARN_UNINITIALIZED_AUTOS = YES_AGGRESSIVE;
				GCC_WARN_UNUSED_FUNCTION = YES;
				GCC_WARN_UNUSED_VARIABLE = YES;
				IPHONEOS_DEPLOYMENT_TARGET = 11.2;
				MTL_ENABLE_DEBUG_INFO = YES;
				ONLY_ACTIVE_ARCH = YES;
				SDKROOT = iphoneos;
				SWIFT_ACTIVE_COMPILATION_CONDITIONS = DEBUG;
				SWIFT_OPTIMIZATION_LEVEL = "-Onone";
			};
			name = Debug;
		};
		4060FD1821174E4100C2A89B /* Release */ = {
			isa = XCBuildConfiguration;
			buildSettings = {
				ALWAYS_SEARCH_USER_PATHS = NO;
				CLANG_ANALYZER_NONNULL = YES;
				CLANG_ANALYZER_NUMBER_OBJECT_CONVERSION = YES_AGGRESSIVE;
				CLANG_CXX_LANGUAGE_STANDARD = "gnu++14";
				CLANG_CXX_LIBRARY = "libc++";
				CLANG_ENABLE_MODULES = YES;
				CLANG_ENABLE_OBJC_ARC = YES;
				CLANG_WARN_BLOCK_CAPTURE_AUTORELEASING = YES;
				CLANG_WARN_BOOL_CONVERSION = YES;
				CLANG_WARN_COMMA = YES;
				CLANG_WARN_CONSTANT_CONVERSION = YES;
				CLANG_WARN_DIRECT_OBJC_ISA_USAGE = YES_ERROR;
				CLANG_WARN_DOCUMENTATION_COMMENTS = YES;
				CLANG_WARN_EMPTY_BODY = YES;
				CLANG_WARN_ENUM_CONVERSION = YES;
				CLANG_WARN_INFINITE_RECURSION = YES;
				CLANG_WARN_INT_CONVERSION = YES;
				CLANG_WARN_NON_LITERAL_NULL_CONVERSION = YES;
				CLANG_WARN_OBJC_LITERAL_CONVERSION = YES;
				CLANG_WARN_OBJC_ROOT_CLASS = YES_ERROR;
				CLANG_WARN_RANGE_LOOP_ANALYSIS = YES;
				CLANG_WARN_STRICT_PROTOTYPES = YES;
				CLANG_WARN_SUSPICIOUS_MOVE = YES;
				CLANG_WARN_UNGUARDED_AVAILABILITY = YES_AGGRESSIVE;
				CLANG_WARN_UNREACHABLE_CODE = YES;
				CLANG_WARN__DUPLICATE_METHOD_MATCH = YES;
				CODE_SIGN_IDENTITY = "iPhone Developer";
				COPY_PHASE_STRIP = NO;
				DEBUG_INFORMATION_FORMAT = "dwarf-with-dsym";
				ENABLE_NS_ASSERTIONS = NO;
				ENABLE_STRICT_OBJC_MSGSEND = YES;
				GCC_C_LANGUAGE_STANDARD = gnu11;
				GCC_NO_COMMON_BLOCKS = YES;
				GCC_WARN_64_TO_32_BIT_CONVERSION = YES;
				GCC_WARN_ABOUT_RETURN_TYPE = YES_ERROR;
				GCC_WARN_UNDECLARED_SELECTOR = YES;
				GCC_WARN_UNINITIALIZED_AUTOS = YES_AGGRESSIVE;
				GCC_WARN_UNUSED_FUNCTION = YES;
				GCC_WARN_UNUSED_VARIABLE = YES;
				IPHONEOS_DEPLOYMENT_TARGET = 11.2;
				MTL_ENABLE_DEBUG_INFO = NO;
				SDKROOT = iphoneos;
				SWIFT_OPTIMIZATION_LEVEL = "-Owholemodule";
				VALIDATE_PRODUCT = YES;
			};
			name = Release;
		};
		4060FD1A21174E4100C2A89B /* Debug */ = {
			isa = XCBuildConfiguration;
			buildSettings = {
				ASSETCATALOG_COMPILER_APPICON_NAME = AppIcon;
				CODE_SIGN_STYLE = Automatic;
				DEVELOPMENT_TEAM = QJGQ8AWBA9;
				INFOPLIST_FILE = AlertIos/Info.plist;
				LD_RUNPATH_SEARCH_PATHS = "$(inherited) @executable_path/Frameworks";
				PRODUCT_BUNDLE_IDENTIFIER = com.kingpes.AlertIos;
				PRODUCT_NAME = "$(TARGET_NAME)";
				SWIFT_VERSION = 4.0;
				TARGETED_DEVICE_FAMILY = "1,2";
			};
			name = Debug;
		};
		4060FD1B21174E4100C2A89B /* Release */ = {
			isa = XCBuildConfiguration;
			buildSettings = {
				ASSETCATALOG_COMPILER_APPICON_NAME = AppIcon;
				CODE_SIGN_STYLE = Automatic;
				DEVELOPMENT_TEAM = QJGQ8AWBA9;
				INFOPLIST_FILE = AlertIos/Info.plist;
				LD_RUNPATH_SEARCH_PATHS = "$(inherited) @executable_path/Frameworks";
				PRODUCT_BUNDLE_IDENTIFIER = com.kingpes.AlertIos;
				PRODUCT_NAME = "$(TARGET_NAME)";
				SWIFT_VERSION = 4.0;
				TARGETED_DEVICE_FAMILY = "1,2";
			};
			name = Release;
		};
/* End XCBuildConfiguration section */

/* Begin XCConfigurationList section */
		4060FD0221174E4100C2A89B /* Build configuration list for PBXProject "AlertIos" */ = {
			isa = XCConfigurationList;
			buildConfigurations = (
				4060FD1721174E4100C2A89B /* Debug */,
				4060FD1821174E4100C2A89B /* Release */,
			);
			defaultConfigurationIsVisible = 0;
			defaultConfigurationName = Release;
		};
		4060FD1921174E4100C2A89B /* Build configuration list for PBXNativeTarget "AlertIos" */ = {
			isa = XCConfigurationList;
			buildConfigurations = (
				4060FD1A21174E4100C2A89B /* Debug */,
				4060FD1B21174E4100C2A89B /* Release */,
			);
			defaultConfigurationIsVisible = 0;
			defaultConfigurationName = Release;
		};
/* End XCConfigurationList section */
	};
	rootObject = 4060FCFF21174E4100C2A89B /* Project object */;
}
